
Microsoft Visual Studio Solution File, Format Version 12.00
# Visual Studio 15
VisualStudioVersion = 15.0.27004.2006
MinimumVisualStudioVersion = 10.0.40219.1
Project("{9A19103F-16F7-4668-BE54-9A1E7A4F7556}") = "NetCoreWebApp", "NetCoreWebApp\NetCoreWebApp.csproj", "{31408363-35DC-46D0-86F9-334868F27AD9}"
EndProject
Project("{9A19103F-16F7-4668-BE54-9A1E7A4F7556}") = "MyPipeline", "MyPipeline\MyPipeline.csproj", "{9E97D2AA-81EC-441A-9CA7-67595667BA98}"
EndProject
Project("{9A19103F-16F7-4668-BE54-9A1E7A4F7556}") = "HelloNetcore", "HelloNetcore\HelloNetcore.csproj", "{85FB24CC-50AE-49F4-9C39-F2352AAAE003}"
EndProject
Project("{9A19103F-16F7-4668-BE54-9A1E7A4F7556}") = "JWTAuthSample", "JWTAuthSample\JWTAuthSample.csproj", "{12D499E6-C04F-4DB2-ABB8-B8684B6007C5}"
EndProject
Project("{FAE04EC0-301F-11D3-BF4B-00C04F79EFBC}") = "MvcClient", "MvcClient\MvcClient.csproj", "{4BF30AD6-9405-4202-B895-A08767FB05CC}"
EndProject
Global
	GlobalSection(SolutionConfigurationPlatforms) = preSolution
		Debug|Any CPU = Debug|Any CPU
		Release|Any CPU = Release|Any CPU
	EndGlobalSection
	GlobalSection(ProjectConfigurationPlatforms) = postSolution
		{31408363-35DC-46D0-86F9-334868F27AD9}.Debug|Any CPU.ActiveCfg = Debug|Any CPU
		{31408363-35DC-46D0-86F9-334868F27AD9}.Debug|Any CPU.Build.0 = Debug|Any CPU
		{31408363-35DC-46D0-86F9-334868F27AD9}.Release|Any CPU.ActiveCfg = Release|Any CPU
		{31408363-35DC-46D0-86F9-334868F27AD9}.Release|Any CPU.Build.0 = Release|Any CPU
		{9E97D2AA-81EC-441A-9CA7-67595667BA98}.Debug|Any CPU.ActiveCfg = Debug|Any CPU
		{9E97D2AA-81EC-441A-9CA7-67595667BA98}.Debug|Any CPU.Build.0 = Debug|Any CPU
		{9E97D2AA-81EC-441A-9CA7-67595667BA98}.Release|Any CPU.ActiveCfg = Release|Any CPU
		{9E97D2AA-81EC-441A-9CA7-67595667BA98}.Release|Any CPU.Build.0 = Release|Any CPU
		{85FB24CC-50AE-49F4-9C39-F2352AAAE003}.Debug|Any CPU.ActiveCfg = Debug|Any CPU
		{85FB24CC-50AE-49F4-9C39-F2352AAAE003}.Debug|Any CPU.Build.0 = Debug|Any CPU
		{85FB24CC-50AE-49F4-9C39-F2352AAAE003}.Release|Any CPU.ActiveCfg = Release|Any CPU
		{85FB24CC-50AE-49F4-9C39-F2352AAAE003}.Release|Any CPU.Build.0 = Release|Any CPU
		{12D499E6-C04F-4DB2-ABB8-B8684B6007C5}.Debug|Any CPU.ActiveCfg = Debug|Any CPU
		{12D499E6-C04F-4DB2-ABB8-B8684B6007C5}.Debug|Any CPU.Build.0 = Debug|Any CPU
		{12D499E6-C04F-4DB2-ABB8-B8684B6007C5}.Release|Any CPU.ActiveCfg = Release|Any CPU
		{12D499E6-C04F-4DB2-ABB8-B8684B6007C5}.Release|Any CPU.Build.0 = Release|Any CPU
		{4BF30AD6-9405-4202-B895-A08767FB05CC}.Debug|Any CPU.ActiveCfg = Debug|Any CPU
		{4BF30AD6-9405-4202-B895-A08767FB05CC}.Debug|Any CPU.Build.0 = Debug|Any CPU
		{4BF30AD6-9405-4202-B895-A08767FB05CC}.Release|Any CPU.ActiveCfg = Release|Any CPU
		{4BF30AD6-9405-4202-B895-A08767FB05CC}.Release|Any CPU.Build.0 = Release|Any CPU
	EndGlobalSection
	GlobalSection(SolutionProperties) = preSolution
		HideSolutionNode = FALSE
	EndGlobalSection
	GlobalSection(ExtensibilityGlobals) = postSolution
		SolutionGuid = {67B4DDE9-BB85-40A0-A521-9A22271A73A4}
		VisualSVNWorkingCopyRoot = .
	EndGlobalSection
EndGlobal
